
Microsoft Visual Studio Solution File, Format Version 12.00
# Visual Studio Version 17
VisualStudioVersion = 17.0.32014.148
MinimumVisualStudioVersion = 10.0.40219.1
Project("{9A19103F-16F7-4668-BE54-9A1E7A4F7556}") = "Task3", "Task3\Task3.csproj", "{B067B652-D202-4ACB-9359-55A3F896342D}"
EndProject
Project("{FAE04EC0-301F-11D3-BF4B-00C04F79EFBC}") = "Task4", "Task4\Task4.csproj", "{252C0A66-4A4A-4B2B-8117-CC6122EDC028}"
EndProject
Project("{FAE04EC0-301F-11D3-BF4B-00C04F79EFBC}") = "Task5", "Task5\Task5.csproj", "{32E221E3-8983-4B8C-8892-968E15F14EB2}"
EndProject
Project("{FAE04EC0-301F-11D3-BF4B-00C04F79EFBC}") = "Task6", "Task6\Task6.csproj", "{960060BF-B635-4BDF-8242-9DDB54630281}"
EndProject
Project("{FAE04EC0-301F-11D3-BF4B-00C04F79EFBC}") = "Task7", "Task7\Task7.csproj", "{C47F755B-6696-4540-8DC2-71E4D6A93E20}"
EndProject
Global
	GlobalSection(SolutionConfigurationPlatforms) = preSolution
		Debug|Any CPU = Debug|Any CPU
		Release|Any CPU = Release|Any CPU
	EndGlobalSection
	GlobalSection(ProjectConfigurationPlatforms) = postSolution
		{B067B652-D202-4ACB-9359-55A3F896342D}.Debug|Any CPU.ActiveCfg = Debug|Any CPU
		{B067B652-D202-4ACB-9359-55A3F896342D}.Debug|Any CPU.Build.0 = Debug|Any CPU
		{B067B652-D202-4ACB-9359-55A3F896342D}.Release|Any CPU.ActiveCfg = Release|Any CPU
		{B067B652-D202-4ACB-9359-55A3F896342D}.Release|Any CPU.Build.0 = Release|Any CPU
		{252C0A66-4A4A-4B2B-8117-CC6122EDC028}.Debug|Any CPU.ActiveCfg = Debug|Any CPU
		{252C0A66-4A4A-4B2B-8117-CC6122EDC028}.Debug|Any CPU.Build.0 = Debug|Any CPU
		{252C0A66-4A4A-4B2B-8117-CC6122EDC028}.Release|Any CPU.ActiveCfg = Release|Any CPU
		{252C0A66-4A4A-4B2B-8117-CC6122EDC028}.Release|Any CPU.Build.0 = Release|Any CPU
		{32E221E3-8983-4B8C-8892-968E15F14EB2}.Debug|Any CPU.ActiveCfg = Debug|Any CPU
		{32E221E3-8983-4B8C-8892-968E15F14EB2}.Debug|Any CPU.Build.0 = Debug|Any CPU
		{32E221E3-8983-4B8C-8892-968E15F14EB2}.Release|Any CPU.ActiveCfg = Release|Any CPU
		{32E221E3-8983-4B8C-8892-968E15F14EB2}.Release|Any CPU.Build.0 = Release|Any CPU
		{960060BF-B635-4BDF-8242-9DDB54630281}.Debug|Any CPU.ActiveCfg = Debug|Any CPU
		{960060BF-B635-4BDF-8242-9DDB54630281}.Debug|Any CPU.Build.0 = Debug|Any CPU
		{960060BF-B635-4BDF-8242-9DDB54630281}.Release|Any CPU.ActiveCfg = Release|Any CPU
		{960060BF-B635-4BDF-8242-9DDB54630281}.Release|Any CPU.Build.0 = Release|Any CPU
		{C47F755B-6696-4540-8DC2-71E4D6A93E20}.Debug|Any CPU.ActiveCfg = Debug|Any CPU
		{C47F755B-6696-4540-8DC2-71E4D6A93E20}.Debug|Any CPU.Build.0 = Debug|Any CPU
		{C47F755B-6696-4540-8DC2-71E4D6A93E20}.Release|Any CPU.ActiveCfg = Release|Any CPU
		{C47F755B-6696-4540-8DC2-71E4D6A93E20}.Release|Any CPU.Build.0 = Release|Any CPU
	EndGlobalSection
	GlobalSection(SolutionProperties) = preSolution
		HideSolutionNode = FALSE
	EndGlobalSection
	GlobalSection(ExtensibilityGlobals) = postSolution
		SolutionGuid = {3D1ADB30-7802-496F-914F-62DD124A5DBA}
	EndGlobalSection
EndGlobal
